
Microsoft Visual Studio Solution File, Format Version 12.00
# Visual Studio Version 17
VisualStudioVersion = 17.13.35931.197 d17.13
MinimumVisualStudioVersion = 10.0.40219.1
Project("{FAE04EC0-301F-11D3-BF4B-00C04F79EFBC}") = "AbcRetailer", "AbcRetailer\AbcRetailer.csproj", "{543358A5-6B21-4898-8E6F-24A13C4B9C29}"
EndProject
Global
	GlobalSection(SolutionConfigurationPlatforms) = preSolution
		Debug|Any CPU = Debug|Any CPU
		Release|Any CPU = Release|Any CPU
	EndGlobalSection
	GlobalSection(ProjectConfigurationPlatforms) = postSolution
		{543358A5-6B21-4898-8E6F-24A13C4B9C29}.Debug|Any CPU.ActiveCfg = Debug|Any CPU
		{543358A5-6B21-4898-8E6F-24A13C4B9C29}.Debug|Any CPU.Build.0 = Debug|Any CPU
		{543358A5-6B21-4898-8E6F-24A13C4B9C29}.Release|Any CPU.ActiveCfg = Release|Any CPU
		{543358A5-6B21-4898-8E6F-24A13C4B9C29}.Release|Any CPU.Build.0 = Release|Any CPU
	EndGlobalSection
	GlobalSection(SolutionProperties) = preSolution
		HideSolutionNode = FALSE
	EndGlobalSection
	GlobalSection(ExtensibilityGlobals) = postSolution
		SolutionGuid = {0B9A00A0-BE62-4A1A-ADB9-C471307DEDC7}
	EndGlobalSection
EndGlobal
